
Microsoft Visual Studio Solution File, Format Version 12.00
# Visual Studio Version 16
VisualStudioVersion = 16.0.29411.108
MinimumVisualStudioVersion = 10.0.40219.1
Project("{2150E333-8FDC-42A3-9474-1A3956D46DE8}") = "Samples", "Samples", "{CF2A6BC3-25A6-4B73-A195-87AA8C4C4CBB}"
EndProject
Project("{FAE04EC0-301F-11D3-BF4B-00C04F79EFBC}") = "JinHu.Visualization.Plotter2D", "JinHu.Visualization.Plotter2D\JinHu.Visualization.Plotter2D.csproj", "{ECD37682-DF7E-409F-912D-0965634556B5}"
EndProject
Project("{FAE04EC0-301F-11D3-BF4B-00C04F79EFBC}") = "LineChart_1", "Samples\LineChart_1\LineChart_1.csproj", "{0301133F-14B3-4753-BB15-49E701E15391}"
EndProject
Project("{FAE04EC0-301F-11D3-BF4B-00C04F79EFBC}") = "Plotter2DSample1", "Samples\Plotter2DSample1\Plotter2DSample1.csproj", "{C258F6AC-1ACB-4B0E-B2F9-1A616EC3568B}"
EndProject
Project("{2150E333-8FDC-42A3-9474-1A3956D46DE8}") = "Solution Items", "Solution Items", "{4481714A-6884-4233-B809-AE6CC4F06F12}"
EndProject
Project("{FAE04EC0-301F-11D3-BF4B-00C04F79EFBC}") = "PlotterLayoutSample", "Samples\PlotterLayoutSample\PlotterLayoutSample.csproj", "{74265DE7-A026-4682-B2D6-23CD1246593B}"
EndProject
Project("{2150E333-8FDC-42A3-9474-1A3956D46DE8}") = "v0.2", "v0.2", "{3C19F100-9E82-402E-90BE-3A9879F0AA6B}"
EndProject
Project("{FAE04EC0-301F-11D3-BF4B-00C04F79EFBC}") = "V02.01.HelloAdvPlotter", "Samples\v0.2\V02.01.HelloAdvPlotter\V02.01.HelloAdvPlotter.csproj", "{EE5F0399-11AA-4D66-B953-A3DD9854D4F6}"
EndProject
Project("{FAE04EC0-301F-11D3-BF4B-00C04F79EFBC}") = "V02.02.AnimationSample", "Samples\v0.2\V02.02.AnimationSample\V02.02.AnimationSample.csproj", "{215A65DB-3A0E-440B-92DC-D56A05335CFB}"
EndProject
Project("{2150E333-8FDC-42A3-9474-1A3956D46DE8}") = "v0.3", "v0.3", "{F8A0E2AE-233B-4548-9A9A-D5D6228B1C02}"
EndProject
Project("{FAE04EC0-301F-11D3-BF4B-00C04F79EFBC}") = "V03.01.IsolineSample", "Samples\v0.3\V03.01.IsolineSample\V03.01.IsolineSample.csproj", "{B83C31AA-8B5A-4DF8-9E1A-4CB059F8FABC}"
EndProject
Project("{FAE04EC0-301F-11D3-BF4B-00C04F79EFBC}") = "V02.03.DataTableSample", "Samples\v0.2\V02.03.DataTableSample\V02.03.DataTableSample.csproj", "{21744E54-D757-498B-913E-A4A5DE124279}"
EndProject
Project("{FAE04EC0-301F-11D3-BF4B-00C04F79EFBC}") = "V02.04.MarkerSample", "Samples\v0.2\V02.04.MarkerSample\V02.04.MarkerSample.csproj", "{A42058FD-B6E0-4D7A-8545-65E85E5F5BF3}"
EndProject
Project("{2150E333-8FDC-42A3-9474-1A3956D46DE8}") = "VisualizationSuite", "VisualizationSuite", "{28740583-6AF8-43C6-B89E-C2952955D6F0}"
EndProject
Project("{FAE04EC0-301F-11D3-BF4B-00C04F79EFBC}") = "VisualizeData", "VisualizationSuite\VisualizeData\VisualizeData.csproj", "{26126F36-9A16-4559-B3DC-0D6512F0DF99}"
EndProject
Project("{FAE04EC0-301F-11D3-BF4B-00C04F79EFBC}") = "JinHu.Visualization.Plotter2DUnitTests", "JinHu.Visualization.Plotter2DUnitTests\JinHu.Visualization.Plotter2DUnitTests.csproj", "{EDE2FCED-8BB8-4E31-99F2-DDCD962C88E4}"
EndProject
Project("{C7167F0D-BC9F-4E6E-AFE1-012C56B48DB5}") = "WapProjTemplate1", "WapProjTemplate1\WapProjTemplate1.wapproj", "{0623C71F-5E27-4EE8-8E0D-C86988D35E38}"
EndProject
Global
	GlobalSection(SolutionConfigurationPlatforms) = preSolution
		Debug|Any CPU = Debug|Any CPU
		Debug|ARM = Debug|ARM
		Debug|ARM64 = Debug|ARM64
		Debug|Mixed Platforms = Debug|Mixed Platforms
		Debug|x64 = Debug|x64
		Debug|x86 = Debug|x86
		Release|Any CPU = Release|Any CPU
		Release|ARM = Release|ARM
		Release|ARM64 = Release|ARM64
		Release|Mixed Platforms = Release|Mixed Platforms
		Release|x64 = Release|x64
		Release|x86 = Release|x86
		ReleaseXBAP|Any CPU = ReleaseXBAP|Any CPU
		ReleaseXBAP|ARM = ReleaseXBAP|ARM
		ReleaseXBAP|ARM64 = ReleaseXBAP|ARM64
		ReleaseXBAP|Mixed Platforms = ReleaseXBAP|Mixed Platforms
		ReleaseXBAP|x64 = ReleaseXBAP|x64
		ReleaseXBAP|x86 = ReleaseXBAP|x86
	EndGlobalSection
	GlobalSection(ProjectConfigurationPlatforms) = postSolution
		{ECD37682-DF7E-409F-912D-0965634556B5}.Debug|Any CPU.ActiveCfg = Debug|Any CPU
		{ECD37682-DF7E-409F-912D-0965634556B5}.Debug|Any CPU.Build.0 = Debug|Any CPU
		{ECD37682-DF7E-409F-912D-0965634556B5}.Debug|ARM.ActiveCfg = Debug|Any CPU
		{ECD37682-DF7E-409F-912D-0965634556B5}.Debug|ARM.Build.0 = Debug|Any CPU
		{ECD37682-DF7E-409F-912D-0965634556B5}.Debug|ARM64.ActiveCfg = Debug|Any CPU
		{ECD37682-DF7E-409F-912D-0965634556B5}.Debug|ARM64.Build.0 = Debug|Any CPU
		{ECD37682-DF7E-409F-912D-0965634556B5}.Debug|Mixed Platforms.ActiveCfg = Debug|Any CPU
		{ECD37682-DF7E-409F-912D-0965634556B5}.Debug|Mixed Platforms.Build.0 = Debug|Any CPU
		{ECD37682-DF7E-409F-912D-0965634556B5}.Debug|x64.ActiveCfg = Debug|Any CPU
		{ECD37682-DF7E-409F-912D-0965634556B5}.Debug|x64.Build.0 = Debug|Any CPU
		{ECD37682-DF7E-409F-912D-0965634556B5}.Debug|x86.ActiveCfg = Debug|Any CPU
		{ECD37682-DF7E-409F-912D-0965634556B5}.Release|Any CPU.ActiveCfg = Release|Any CPU
		{ECD37682-DF7E-409F-912D-0965634556B5}.Release|Any CPU.Build.0 = Release|Any CPU
		{ECD37682-DF7E-409F-912D-0965634556B5}.Release|ARM.ActiveCfg = Release|Any CPU
		{ECD37682-DF7E-409F-912D-0965634556B5}.Release|ARM.Build.0 = Release|Any CPU
		{ECD37682-DF7E-409F-912D-0965634556B5}.Release|ARM64.ActiveCfg = Release|Any CPU
		{ECD37682-DF7E-409F-912D-0965634556B5}.Release|ARM64.Build.0 = Release|Any CPU
		{ECD37682-DF7E-409F-912D-0965634556B5}.Release|Mixed Platforms.ActiveCfg = Release|Any CPU
		{ECD37682-DF7E-409F-912D-0965634556B5}.Release|Mixed Platforms.Build.0 = Release|Any CPU
		{ECD37682-DF7E-409F-912D-0965634556B5}.Release|x64.ActiveCfg = Release|Any CPU
		{ECD37682-DF7E-409F-912D-0965634556B5}.Release|x64.Build.0 = Release|Any CPU
		{ECD37682-DF7E-409F-912D-0965634556B5}.Release|x86.ActiveCfg = Release|Any CPU
		{ECD37682-DF7E-409F-912D-0965634556B5}.ReleaseXBAP|Any CPU.ActiveCfg = ReleaseXBAP|Any CPU
		{ECD37682-DF7E-409F-912D-0965634556B5}.ReleaseXBAP|Any CPU.Build.0 = ReleaseXBAP|Any CPU
		{ECD37682-DF7E-409F-912D-0965634556B5}.ReleaseXBAP|ARM.ActiveCfg = ReleaseXBAP|Any CPU
		{ECD37682-DF7E-409F-912D-0965634556B5}.ReleaseXBAP|ARM.Build.0 = ReleaseXBAP|Any CPU
		{ECD37682-DF7E-409F-912D-0965634556B5}.ReleaseXBAP|ARM64.ActiveCfg = ReleaseXBAP|Any CPU
		{ECD37682-DF7E-409F-912D-0965634556B5}.ReleaseXBAP|ARM64.Build.0 = ReleaseXBAP|Any CPU
		{ECD37682-DF7E-409F-912D-0965634556B5}.ReleaseXBAP|Mixed Platforms.ActiveCfg = ReleaseXBAP|Any CPU
		{ECD37682-DF7E-409F-912D-0965634556B5}.ReleaseXBAP|Mixed Platforms.Build.0 = ReleaseXBAP|Any CPU
		{ECD37682-DF7E-409F-912D-0965634556B5}.ReleaseXBAP|x64.ActiveCfg = ReleaseXBAP|Any CPU
		{ECD37682-DF7E-409F-912D-0965634556B5}.ReleaseXBAP|x64.Build.0 = ReleaseXBAP|Any CPU
		{ECD37682-DF7E-409F-912D-0965634556B5}.ReleaseXBAP|x86.ActiveCfg = ReleaseXBAP|Any CPU
		{0301133F-14B3-4753-BB15-49E701E15391}.Debug|Any CPU.ActiveCfg = Debug|Any CPU
		{0301133F-14B3-4753-BB15-49E701E15391}.Debug|Any CPU.Build.0 = Debug|Any CPU
		{0301133F-14B3-4753-BB15-49E701E15391}.Debug|ARM.ActiveCfg = Debug|Any CPU
		{0301133F-14B3-4753-BB15-49E701E15391}.Debug|ARM.Build.0 = Debug|Any CPU
		{0301133F-14B3-4753-BB15-49E701E15391}.Debug|ARM64.ActiveCfg = Debug|Any CPU
		{0301133F-14B3-4753-BB15-49E701E15391}.Debug|ARM64.Build.0 = Debug|Any CPU
		{0301133F-14B3-4753-BB15-49E701E15391}.Debug|Mixed Platforms.ActiveCfg = Debug|Any CPU
		{0301133F-14B3-4753-BB15-49E701E15391}.Debug|Mixed Platforms.Build.0 = Debug|Any CPU
		{0301133F-14B3-4753-BB15-49E701E15391}.Debug|x64.ActiveCfg = Debug|Any CPU
		{0301133F-14B3-4753-BB15-49E701E15391}.Debug|x64.Build.0 = Debug|Any CPU
		{0301133F-14B3-4753-BB15-49E701E15391}.Debug|x86.ActiveCfg = Debug|Any CPU
		{0301133F-14B3-4753-BB15-49E701E15391}.Release|Any CPU.ActiveCfg = Release|Any CPU
		{0301133F-14B3-4753-BB15-49E701E15391}.Release|Any CPU.Build.0 = Release|Any CPU
		{0301133F-14B3-4753-BB15-49E701E15391}.Release|ARM.ActiveCfg = Release|Any CPU
		{0301133F-14B3-4753-BB15-49E701E15391}.Release|ARM.Build.0 = Release|Any CPU
		{0301133F-14B3-4753-BB15-49E701E15391}.Release|ARM64.ActiveCfg = Release|Any CPU
		{0301133F-14B3-4753-BB15-49E701E15391}.Release|ARM64.Build.0 = Release|Any CPU
		{0301133F-14B3-4753-BB15-49E701E15391}.Release|Mixed Platforms.ActiveCfg = Release|Any CPU
		{0301133F-14B3-4753-BB15-49E701E15391}.Release|Mixed Platforms.Build.0 = Release|Any CPU
		{0301133F-14B3-4753-BB15-49E701E15391}.Release|x64.ActiveCfg = Release|Any CPU
		{0301133F-14B3-4753-BB15-49E701E15391}.Release|x64.Build.0 = Release|Any CPU
		{0301133F-14B3-4753-BB15-49E701E15391}.Release|x86.ActiveCfg = Release|Any CPU
		{0301133F-14B3-4753-BB15-49E701E15391}.ReleaseXBAP|Any CPU.ActiveCfg = Release|Any CPU
		{0301133F-14B3-4753-BB15-49E701E15391}.ReleaseXBAP|Any CPU.Build.0 = Release|Any CPU
		{0301133F-14B3-4753-BB15-49E701E15391}.ReleaseXBAP|ARM.ActiveCfg = Release|Any CPU
		{0301133F-14B3-4753-BB15-49E701E15391}.ReleaseXBAP|ARM.Build.0 = Release|Any CPU
		{0301133F-14B3-4753-BB15-49E701E15391}.ReleaseXBAP|ARM64.ActiveCfg = Release|Any CPU
		{0301133F-14B3-4753-BB15-49E701E15391}.ReleaseXBAP|ARM64.Build.0 = Release|Any CPU
		{0301133F-14B3-4753-BB15-49E701E15391}.ReleaseXBAP|Mixed Platforms.ActiveCfg = Release|Any CPU
		{0301133F-14B3-4753-BB15-49E701E15391}.ReleaseXBAP|Mixed Platforms.Build.0 = Release|Any CPU
		{0301133F-14B3-4753-BB15-49E701E15391}.ReleaseXBAP|x64.ActiveCfg = Release|Any CPU
		{0301133F-14B3-4753-BB15-49E701E15391}.ReleaseXBAP|x64.Build.0 = Release|Any CPU
		{0301133F-14B3-4753-BB15-49E701E15391}.ReleaseXBAP|x86.ActiveCfg = Release|Any CPU
		{C258F6AC-1ACB-4B0E-B2F9-1A616EC3568B}.Debug|Any CPU.ActiveCfg = Debug|Any CPU
		{C258F6AC-1ACB-4B0E-B2F9-1A616EC3568B}.Debug|Any CPU.Build.0 = Debug|Any CPU
		{C258F6AC-1ACB-4B0E-B2F9-1A616EC3568B}.Debug|ARM.ActiveCfg = Debug|Any CPU
		{C258F6AC-1ACB-4B0E-B2F9-1A616EC3568B}.Debug|ARM.Build.0 = Debug|Any CPU
		{C258F6AC-1ACB-4B0E-B2F9-1A616EC3568B}.Debug|ARM64.ActiveCfg = Debug|Any CPU
		{C258F6AC-1ACB-4B0E-B2F9-1A616EC3568B}.Debug|ARM64.Build.0 = Debug|Any CPU
		{C258F6AC-1ACB-4B0E-B2F9-1A616EC3568B}.Debug|Mixed Platforms.ActiveCfg = Debug|Any CPU
		{C258F6AC-1ACB-4B0E-B2F9-1A616EC3568B}.Debug|Mixed Platforms.Build.0 = Debug|Any CPU
		{C258F6AC-1ACB-4B0E-B2F9-1A616EC3568B}.Debug|x64.ActiveCfg = Debug|Any CPU
		{C258F6AC-1ACB-4B0E-B2F9-1A616EC3568B}.Debug|x64.Build.0 = Debug|Any CPU
		{C258F6AC-1ACB-4B0E-B2F9-1A616EC3568B}.Debug|x86.ActiveCfg = Debug|Any CPU
		{C258F6AC-1ACB-4B0E-B2F9-1A616EC3568B}.Release|Any CPU.ActiveCfg = Release|Any CPU
		{C258F6AC-1ACB-4B0E-B2F9-1A616EC3568B}.Release|Any CPU.Build.0 = Release|Any CPU
		{C258F6AC-1ACB-4B0E-B2F9-1A616EC3568B}.Release|ARM.ActiveCfg = Release|Any CPU
		{C258F6AC-1ACB-4B0E-B2F9-1A616EC3568B}.Release|ARM.Build.0 = Release|Any CPU
		{C258F6AC-1ACB-4B0E-B2F9-1A616EC3568B}.Release|ARM64.ActiveCfg = Release|Any CPU
		{C258F6AC-1ACB-4B0E-B2F9-1A616EC3568B}.Release|ARM64.Build.0 = Release|Any CPU
		{C258F6AC-1ACB-4B0E-B2F9-1A616EC3568B}.Release|Mixed Platforms.ActiveCfg = Release|Any CPU
		{C258F6AC-1ACB-4B0E-B2F9-1A616EC3568B}.Release|Mixed Platforms.Build.0 = Release|Any CPU
		{C258F6AC-1ACB-4B0E-B2F9-1A616EC3568B}.Release|x64.ActiveCfg = Release|Any CPU
		{C258F6AC-1ACB-4B0E-B2F9-1A616EC3568B}.Release|x64.Build.0 = Release|Any CPU
		{C258F6AC-1ACB-4B0E-B2F9-1A616EC3568B}.Release|x86.ActiveCfg = Release|Any CPU
		{C258F6AC-1ACB-4B0E-B2F9-1A616EC3568B}.ReleaseXBAP|Any CPU.ActiveCfg = Release|Any CPU
		{C258F6AC-1ACB-4B0E-B2F9-1A616EC3568B}.ReleaseXBAP|Any CPU.Build.0 = Release|Any CPU
		{C258F6AC-1ACB-4B0E-B2F9-1A616EC3568B}.ReleaseXBAP|ARM.ActiveCfg = Release|Any CPU
		{C258F6AC-1ACB-4B0E-B2F9-1A616EC3568B}.ReleaseXBAP|ARM.Build.0 = Release|Any CPU
		{C258F6AC-1ACB-4B0E-B2F9-1A616EC3568B}.ReleaseXBAP|ARM64.ActiveCfg = Release|Any CPU
		{C258F6AC-1ACB-4B0E-B2F9-1A616EC3568B}.ReleaseXBAP|ARM64.Build.0 = Release|Any CPU
		{C258F6AC-1ACB-4B0E-B2F9-1A616EC3568B}.ReleaseXBAP|Mixed Platforms.ActiveCfg = Release|Any CPU
		{C258F6AC-1ACB-4B0E-B2F9-1A616EC3568B}.ReleaseXBAP|Mixed Platforms.Build.0 = Release|Any CPU
		{C258F6AC-1ACB-4B0E-B2F9-1A616EC3568B}.ReleaseXBAP|x64.ActiveCfg = Release|Any CPU
		{C258F6AC-1ACB-4B0E-B2F9-1A616EC3568B}.ReleaseXBAP|x64.Build.0 = Release|Any CPU
		{C258F6AC-1ACB-4B0E-B2F9-1A616EC3568B}.ReleaseXBAP|x86.ActiveCfg = Release|Any CPU
		{74265DE7-A026-4682-B2D6-23CD1246593B}.Debug|Any CPU.ActiveCfg = Debug|Any CPU
		{74265DE7-A026-4682-B2D6-23CD1246593B}.Debug|Any CPU.Build.0 = Debug|Any CPU
		{74265DE7-A026-4682-B2D6-23CD1246593B}.Debug|ARM.ActiveCfg = Debug|Any CPU
		{74265DE7-A026-4682-B2D6-23CD1246593B}.Debug|ARM.Build.0 = Debug|Any CPU
		{74265DE7-A026-4682-B2D6-23CD1246593B}.Debug|ARM64.ActiveCfg = Debug|Any CPU
		{74265DE7-A026-4682-B2D6-23CD1246593B}.Debug|ARM64.Build.0 = Debug|Any CPU
		{74265DE7-A026-4682-B2D6-23CD1246593B}.Debug|Mixed Platforms.ActiveCfg = Debug|Any CPU
		{74265DE7-A026-4682-B2D6-23CD1246593B}.Debug|Mixed Platforms.Build.0 = Debug|Any CPU
		{74265DE7-A026-4682-B2D6-23CD1246593B}.Debug|x64.ActiveCfg = Debug|Any CPU
		{74265DE7-A026-4682-B2D6-23CD1246593B}.Debug|x64.Build.0 = Debug|Any CPU
		{74265DE7-A026-4682-B2D6-23CD1246593B}.Debug|x86.ActiveCfg = Debug|Any CPU
		{74265DE7-A026-4682-B2D6-23CD1246593B}.Release|Any CPU.ActiveCfg = Release|Any CPU
		{74265DE7-A026-4682-B2D6-23CD1246593B}.Release|Any CPU.Build.0 = Release|Any CPU
		{74265DE7-A026-4682-B2D6-23CD1246593B}.Release|ARM.ActiveCfg = Release|Any CPU
		{74265DE7-A026-4682-B2D6-23CD1246593B}.Release|ARM.Build.0 = Release|Any CPU
		{74265DE7-A026-4682-B2D6-23CD1246593B}.Release|ARM64.ActiveCfg = Release|Any CPU
		{74265DE7-A026-4682-B2D6-23CD1246593B}.Release|ARM64.Build.0 = Release|Any CPU
		{74265DE7-A026-4682-B2D6-23CD1246593B}.Release|Mixed Platforms.ActiveCfg = Release|Any CPU
		{74265DE7-A026-4682-B2D6-23CD1246593B}.Release|Mixed Platforms.Build.0 = Release|Any CPU
		{74265DE7-A026-4682-B2D6-23CD1246593B}.Release|x64.ActiveCfg = Release|Any CPU
		{74265DE7-A026-4682-B2D6-23CD1246593B}.Release|x64.Build.0 = Release|Any CPU
		{74265DE7-A026-4682-B2D6-23CD1246593B}.Release|x86.ActiveCfg = Release|Any CPU
		{74265DE7-A026-4682-B2D6-23CD1246593B}.ReleaseXBAP|Any CPU.ActiveCfg = Release|Any CPU
		{74265DE7-A026-4682-B2D6-23CD1246593B}.ReleaseXBAP|Any CPU.Build.0 = Release|Any CPU
		{74265DE7-A026-4682-B2D6-23CD1246593B}.ReleaseXBAP|ARM.ActiveCfg = Release|Any CPU
		{74265DE7-A026-4682-B2D6-23CD1246593B}.ReleaseXBAP|ARM.Build.0 = Release|Any CPU
		{74265DE7-A026-4682-B2D6-23CD1246593B}.ReleaseXBAP|ARM64.ActiveCfg = Release|Any CPU
		{74265DE7-A026-4682-B2D6-23CD1246593B}.ReleaseXBAP|ARM64.Build.0 = Release|Any CPU
		{74265DE7-A026-4682-B2D6-23CD1246593B}.ReleaseXBAP|Mixed Platforms.ActiveCfg = Release|Any CPU
		{74265DE7-A026-4682-B2D6-23CD1246593B}.ReleaseXBAP|Mixed Platforms.Build.0 = Release|Any CPU
		{74265DE7-A026-4682-B2D6-23CD1246593B}.ReleaseXBAP|x64.ActiveCfg = Release|Any CPU
		{74265DE7-A026-4682-B2D6-23CD1246593B}.ReleaseXBAP|x64.Build.0 = Release|Any CPU
		{74265DE7-A026-4682-B2D6-23CD1246593B}.ReleaseXBAP|x86.ActiveCfg = Release|Any CPU
		{EE5F0399-11AA-4D66-B953-A3DD9854D4F6}.Debug|Any CPU.ActiveCfg = Debug|Any CPU
		{EE5F0399-11AA-4D66-B953-A3DD9854D4F6}.Debug|Any CPU.Build.0 = Debug|Any CPU
		{EE5F0399-11AA-4D66-B953-A3DD9854D4F6}.Debug|ARM.ActiveCfg = Debug|Any CPU
		{EE5F0399-11AA-4D66-B953-A3DD9854D4F6}.Debug|ARM.Build.0 = Debug|Any CPU
		{EE5F0399-11AA-4D66-B953-A3DD9854D4F6}.Debug|ARM64.ActiveCfg = Debug|Any CPU
		{EE5F0399-11AA-4D66-B953-A3DD9854D4F6}.Debug|ARM64.Build.0 = Debug|Any CPU
		{EE5F0399-11AA-4D66-B953-A3DD9854D4F6}.Debug|Mixed Platforms.ActiveCfg = Debug|Any CPU
		{EE5F0399-11AA-4D66-B953-A3DD9854D4F6}.Debug|Mixed Platforms.Build.0 = Debug|Any CPU
		{EE5F0399-11AA-4D66-B953-A3DD9854D4F6}.Debug|x64.ActiveCfg = Debug|Any CPU
		{EE5F0399-11AA-4D66-B953-A3DD9854D4F6}.Debug|x64.Build.0 = Debug|Any CPU
		{EE5F0399-11AA-4D66-B953-A3DD9854D4F6}.Debug|x86.ActiveCfg = Debug|Any CPU
		{EE5F0399-11AA-4D66-B953-A3DD9854D4F6}.Release|Any CPU.ActiveCfg = Release|Any CPU
		{EE5F0399-11AA-4D66-B953-A3DD9854D4F6}.Release|Any CPU.Build.0 = Release|Any CPU
		{EE5F0399-11AA-4D66-B953-A3DD9854D4F6}.Release|ARM.ActiveCfg = Release|Any CPU
		{EE5F0399-11AA-4D66-B953-A3DD9854D4F6}.Release|ARM.Build.0 = Release|Any CPU
		{EE5F0399-11AA-4D66-B953-A3DD9854D4F6}.Release|ARM64.ActiveCfg = Release|Any CPU
		{EE5F0399-11AA-4D66-B953-A3DD9854D4F6}.Release|ARM64.Build.0 = Release|Any CPU
		{EE5F0399-11AA-4D66-B953-A3DD9854D4F6}.Release|Mixed Platforms.ActiveCfg = Release|Any CPU
		{EE5F0399-11AA-4D66-B953-A3DD9854D4F6}.Release|Mixed Platforms.Build.0 = Release|Any CPU
		{EE5F0399-11AA-4D66-B953-A3DD9854D4F6}.Release|x64.ActiveCfg = Release|Any CPU
		{EE5F0399-11AA-4D66-B953-A3DD9854D4F6}.Release|x64.Build.0 = Release|Any CPU
		{EE5F0399-11AA-4D66-B953-A3DD9854D4F6}.Release|x86.ActiveCfg = Release|Any CPU
		{EE5F0399-11AA-4D66-B953-A3DD9854D4F6}.ReleaseXBAP|Any CPU.ActiveCfg = Release|Any CPU
		{EE5F0399-11AA-4D66-B953-A3DD9854D4F6}.ReleaseXBAP|Any CPU.Build.0 = Release|Any CPU
		{EE5F0399-11AA-4D66-B953-A3DD9854D4F6}.ReleaseXBAP|ARM.ActiveCfg = Release|Any CPU
		{EE5F0399-11AA-4D66-B953-A3DD9854D4F6}.ReleaseXBAP|ARM.Build.0 = Release|Any CPU
		{EE5F0399-11AA-4D66-B953-A3DD9854D4F6}.ReleaseXBAP|ARM64.ActiveCfg = Release|Any CPU
		{EE5F0399-11AA-4D66-B953-A3DD9854D4F6}.ReleaseXBAP|ARM64.Build.0 = Release|Any CPU
		{EE5F0399-11AA-4D66-B953-A3DD9854D4F6}.ReleaseXBAP|Mixed Platforms.ActiveCfg = Release|Any CPU
		{EE5F0399-11AA-4D66-B953-A3DD9854D4F6}.ReleaseXBAP|Mixed Platforms.Build.0 = Release|Any CPU
		{EE5F0399-11AA-4D66-B953-A3DD9854D4F6}.ReleaseXBAP|x64.ActiveCfg = Release|Any CPU
		{EE5F0399-11AA-4D66-B953-A3DD9854D4F6}.ReleaseXBAP|x64.Build.0 = Release|Any CPU
		{EE5F0399-11AA-4D66-B953-A3DD9854D4F6}.ReleaseXBAP|x86.ActiveCfg = Release|Any CPU
		{215A65DB-3A0E-440B-92DC-D56A05335CFB}.Debug|Any CPU.ActiveCfg = Debug|Any CPU
		{215A65DB-3A0E-440B-92DC-D56A05335CFB}.Debug|Any CPU.Build.0 = Debug|Any CPU
		{215A65DB-3A0E-440B-92DC-D56A05335CFB}.Debug|ARM.ActiveCfg = Debug|Any CPU
		{215A65DB-3A0E-440B-92DC-D56A05335CFB}.Debug|ARM.Build.0 = Debug|Any CPU
		{215A65DB-3A0E-440B-92DC-D56A05335CFB}.Debug|ARM64.ActiveCfg = Debug|Any CPU
		{215A65DB-3A0E-440B-92DC-D56A05335CFB}.Debug|ARM64.Build.0 = Debug|Any CPU
		{215A65DB-3A0E-440B-92DC-D56A05335CFB}.Debug|Mixed Platforms.ActiveCfg = Debug|Any CPU
		{215A65DB-3A0E-440B-92DC-D56A05335CFB}.Debug|Mixed Platforms.Build.0 = Debug|Any CPU
		{215A65DB-3A0E-440B-92DC-D56A05335CFB}.Debug|x64.ActiveCfg = Debug|Any CPU
		{215A65DB-3A0E-440B-92DC-D56A05335CFB}.Debug|x64.Build.0 = Debug|Any CPU
		{215A65DB-3A0E-440B-92DC-D56A05335CFB}.Debug|x86.ActiveCfg = Debug|Any CPU
		{215A65DB-3A0E-440B-92DC-D56A05335CFB}.Release|Any CPU.ActiveCfg = Release|Any CPU
		{215A65DB-3A0E-440B-92DC-D56A05335CFB}.Release|Any CPU.Build.0 = Release|Any CPU
		{215A65DB-3A0E-440B-92DC-D56A05335CFB}.Release|ARM.ActiveCfg = Release|Any CPU
		{215A65DB-3A0E-440B-92DC-D56A05335CFB}.Release|ARM.Build.0 = Release|Any CPU
		{215A65DB-3A0E-440B-92DC-D56A05335CFB}.Release|ARM64.ActiveCfg = Release|Any CPU
		{215A65DB-3A0E-440B-92DC-D56A05335CFB}.Release|ARM64.Build.0 = Release|Any CPU
		{215A65DB-3A0E-440B-92DC-D56A05335CFB}.Release|Mixed Platforms.ActiveCfg = Release|Any CPU
		{215A65DB-3A0E-440B-92DC-D56A05335CFB}.Release|Mixed Platforms.Build.0 = Release|Any CPU
		{215A65DB-3A0E-440B-92DC-D56A05335CFB}.Release|x64.ActiveCfg = Release|Any CPU
		{215A65DB-3A0E-440B-92DC-D56A05335CFB}.Release|x64.Build.0 = Release|Any CPU
		{215A65DB-3A0E-440B-92DC-D56A05335CFB}.Release|x86.ActiveCfg = Release|Any CPU
		{215A65DB-3A0E-440B-92DC-D56A05335CFB}.ReleaseXBAP|Any CPU.ActiveCfg = Release|Any CPU
		{215A65DB-3A0E-440B-92DC-D56A05335CFB}.ReleaseXBAP|Any CPU.Build.0 = Release|Any CPU
		{215A65DB-3A0E-440B-92DC-D56A05335CFB}.ReleaseXBAP|ARM.ActiveCfg = Release|Any CPU
		{215A65DB-3A0E-440B-92DC-D56A05335CFB}.ReleaseXBAP|ARM.Build.0 = Release|Any CPU
		{215A65DB-3A0E-440B-92DC-D56A05335CFB}.ReleaseXBAP|ARM64.ActiveCfg = Release|Any CPU
		{215A65DB-3A0E-440B-92DC-D56A05335CFB}.ReleaseXBAP|ARM64.Build.0 = Release|Any CPU
		{215A65DB-3A0E-440B-92DC-D56A05335CFB}.ReleaseXBAP|Mixed Platforms.ActiveCfg = Release|Any CPU
		{215A65DB-3A0E-440B-92DC-D56A05335CFB}.ReleaseXBAP|Mixed Platforms.Build.0 = Release|Any CPU
		{215A65DB-3A0E-440B-92DC-D56A05335CFB}.ReleaseXBAP|x64.ActiveCfg = Release|Any CPU
		{215A65DB-3A0E-440B-92DC-D56A05335CFB}.ReleaseXBAP|x64.Build.0 = Release|Any CPU
		{215A65DB-3A0E-440B-92DC-D56A05335CFB}.ReleaseXBAP|x86.ActiveCfg = Release|Any CPU
		{B83C31AA-8B5A-4DF8-9E1A-4CB059F8FABC}.Debug|Any CPU.ActiveCfg = Debug|Any CPU
		{B83C31AA-8B5A-4DF8-9E1A-4CB059F8FABC}.Debug|Any CPU.Build.0 = Debug|Any CPU
		{B83C31AA-8B5A-4DF8-9E1A-4CB059F8FABC}.Debug|ARM.ActiveCfg = Debug|Any CPU
		{B83C31AA-8B5A-4DF8-9E1A-4CB059F8FABC}.Debug|ARM.Build.0 = Debug|Any CPU
		{B83C31AA-8B5A-4DF8-9E1A-4CB059F8FABC}.Debug|ARM64.ActiveCfg = Debug|Any CPU
		{B83C31AA-8B5A-4DF8-9E1A-4CB059F8FABC}.Debug|ARM64.Build.0 = Debug|Any CPU
		{B83C31AA-8B5A-4DF8-9E1A-4CB059F8FABC}.Debug|Mixed Platforms.ActiveCfg = Debug|Any CPU
		{B83C31AA-8B5A-4DF8-9E1A-4CB059F8FABC}.Debug|Mixed Platforms.Build.0 = Debug|Any CPU
		{B83C31AA-8B5A-4DF8-9E1A-4CB059F8FABC}.Debug|x64.ActiveCfg = Debug|Any CPU
		{B83C31AA-8B5A-4DF8-9E1A-4CB059F8FABC}.Debug|x64.Build.0 = Debug|Any CPU
		{B83C31AA-8B5A-4DF8-9E1A-4CB059F8FABC}.Debug|x86.ActiveCfg = Debug|Any CPU
		{B83C31AA-8B5A-4DF8-9E1A-4CB059F8FABC}.Release|Any CPU.ActiveCfg = Release|Any CPU
		{B83C31AA-8B5A-4DF8-9E1A-4CB059F8FABC}.Release|Any CPU.Build.0 = Release|Any CPU
		{B83C31AA-8B5A-4DF8-9E1A-4CB059F8FABC}.Release|ARM.ActiveCfg = Release|Any CPU
		{B83C31AA-8B5A-4DF8-9E1A-4CB059F8FABC}.Release|ARM.Build.0 = Release|Any CPU
		{B83C31AA-8B5A-4DF8-9E1A-4CB059F8FABC}.Release|ARM64.ActiveCfg = Release|Any CPU
		{B83C31AA-8B5A-4DF8-9E1A-4CB059F8FABC}.Release|ARM64.Build.0 = Release|Any CPU
		{B83C31AA-8B5A-4DF8-9E1A-4CB059F8FABC}.Release|Mixed Platforms.ActiveCfg = Release|Any CPU
		{B83C31AA-8B5A-4DF8-9E1A-4CB059F8FABC}.Release|Mixed Platforms.Build.0 = Release|Any CPU
		{B83C31AA-8B5A-4DF8-9E1A-4CB059F8FABC}.Release|x64.ActiveCfg = Release|Any CPU
		{B83C31AA-8B5A-4DF8-9E1A-4CB059F8FABC}.Release|x64.Build.0 = Release|Any CPU
		{B83C31AA-8B5A-4DF8-9E1A-4CB059F8FABC}.Release|x86.ActiveCfg = Release|Any CPU
		{B83C31AA-8B5A-4DF8-9E1A-4CB059F8FABC}.ReleaseXBAP|Any CPU.ActiveCfg = Release|Any CPU
		{B83C31AA-8B5A-4DF8-9E1A-4CB059F8FABC}.ReleaseXBAP|Any CPU.Build.0 = Release|Any CPU
		{B83C31AA-8B5A-4DF8-9E1A-4CB059F8FABC}.ReleaseXBAP|ARM.ActiveCfg = Release|Any CPU
		{B83C31AA-8B5A-4DF8-9E1A-4CB059F8FABC}.ReleaseXBAP|ARM.Build.0 = Release|Any CPU
		{B83C31AA-8B5A-4DF8-9E1A-4CB059F8FABC}.ReleaseXBAP|ARM64.ActiveCfg = Release|Any CPU
		{B83C31AA-8B5A-4DF8-9E1A-4CB059F8FABC}.ReleaseXBAP|ARM64.Build.0 = Release|Any CPU
		{B83C31AA-8B5A-4DF8-9E1A-4CB059F8FABC}.ReleaseXBAP|Mixed Platforms.ActiveCfg = Release|Any CPU
		{B83C31AA-8B5A-4DF8-9E1A-4CB059F8FABC}.ReleaseXBAP|Mixed Platforms.Build.0 = Release|Any CPU
		{B83C31AA-8B5A-4DF8-9E1A-4CB059F8FABC}.ReleaseXBAP|x64.ActiveCfg = Release|Any CPU
		{B83C31AA-8B5A-4DF8-9E1A-4CB059F8FABC}.ReleaseXBAP|x64.Build.0 = Release|Any CPU
		{B83C31AA-8B5A-4DF8-9E1A-4CB059F8FABC}.ReleaseXBAP|x86.ActiveCfg = Release|Any CPU
		{21744E54-D757-498B-913E-A4A5DE124279}.Debug|Any CPU.ActiveCfg = Debug|Any CPU
		{21744E54-D757-498B-913E-A4A5DE124279}.Debug|Any CPU.Build.0 = Debug|Any CPU
		{21744E54-D757-498B-913E-A4A5DE124279}.Debug|ARM.ActiveCfg = Debug|Any CPU
		{21744E54-D757-498B-913E-A4A5DE124279}.Debug|ARM.Build.0 = Debug|Any CPU
		{21744E54-D757-498B-913E-A4A5DE124279}.Debug|ARM64.ActiveCfg = Debug|Any CPU
		{21744E54-D757-498B-913E-A4A5DE124279}.Debug|ARM64.Build.0 = Debug|Any CPU
		{21744E54-D757-498B-913E-A4A5DE124279}.Debug|Mixed Platforms.ActiveCfg = Debug|Any CPU
		{21744E54-D757-498B-913E-A4A5DE124279}.Debug|Mixed Platforms.Build.0 = Debug|Any CPU
		{21744E54-D757-498B-913E-A4A5DE124279}.Debug|x64.ActiveCfg = Debug|Any CPU
		{21744E54-D757-498B-913E-A4A5DE124279}.Debug|x64.Build.0 = Debug|Any CPU
		{21744E54-D757-498B-913E-A4A5DE124279}.Debug|x86.ActiveCfg = Debug|Any CPU
		{21744E54-D757-498B-913E-A4A5DE124279}.Release|Any CPU.ActiveCfg = Release|Any CPU
		{21744E54-D757-498B-913E-A4A5DE124279}.Release|Any CPU.Build.0 = Release|Any CPU
		{21744E54-D757-498B-913E-A4A5DE124279}.Release|ARM.ActiveCfg = Release|Any CPU
		{21744E54-D757-498B-913E-A4A5DE124279}.Release|ARM.Build.0 = Release|Any CPU
		{21744E54-D757-498B-913E-A4A5DE124279}.Release|ARM64.ActiveCfg = Release|Any CPU
		{21744E54-D757-498B-913E-A4A5DE124279}.Release|ARM64.Build.0 = Release|Any CPU
		{21744E54-D757-498B-913E-A4A5DE124279}.Release|Mixed Platforms.ActiveCfg = Release|Any CPU
		{21744E54-D757-498B-913E-A4A5DE124279}.Release|Mixed Platforms.Build.0 = Release|Any CPU
		{21744E54-D757-498B-913E-A4A5DE124279}.Release|x64.ActiveCfg = Release|Any CPU
		{21744E54-D757-498B-913E-A4A5DE124279}.Release|x64.Build.0 = Release|Any CPU
		{21744E54-D757-498B-913E-A4A5DE124279}.Release|x86.ActiveCfg = Release|Any CPU
		{21744E54-D757-498B-913E-A4A5DE124279}.ReleaseXBAP|Any CPU.ActiveCfg = Release|Any CPU
		{21744E54-D757-498B-913E-A4A5DE124279}.ReleaseXBAP|Any CPU.Build.0 = Release|Any CPU
		{21744E54-D757-498B-913E-A4A5DE124279}.ReleaseXBAP|ARM.ActiveCfg = Release|Any CPU
		{21744E54-D757-498B-913E-A4A5DE124279}.ReleaseXBAP|ARM.Build.0 = Release|Any CPU
		{21744E54-D757-498B-913E-A4A5DE124279}.ReleaseXBAP|ARM64.ActiveCfg = Release|Any CPU
		{21744E54-D757-498B-913E-A4A5DE124279}.ReleaseXBAP|ARM64.Build.0 = Release|Any CPU
		{21744E54-D757-498B-913E-A4A5DE124279}.ReleaseXBAP|Mixed Platforms.ActiveCfg = Release|Any CPU
		{21744E54-D757-498B-913E-A4A5DE124279}.ReleaseXBAP|Mixed Platforms.Build.0 = Release|Any CPU
		{21744E54-D757-498B-913E-A4A5DE124279}.ReleaseXBAP|x64.ActiveCfg = Release|Any CPU
		{21744E54-D757-498B-913E-A4A5DE124279}.ReleaseXBAP|x64.Build.0 = Release|Any CPU
		{21744E54-D757-498B-913E-A4A5DE124279}.ReleaseXBAP|x86.ActiveCfg = Release|Any CPU
		{A42058FD-B6E0-4D7A-8545-65E85E5F5BF3}.Debug|Any CPU.ActiveCfg = Debug|Any CPU
		{A42058FD-B6E0-4D7A-8545-65E85E5F5BF3}.Debug|Any CPU.Build.0 = Debug|Any CPU
		{A42058FD-B6E0-4D7A-8545-65E85E5F5BF3}.Debug|ARM.ActiveCfg = Debug|Any CPU
		{A42058FD-B6E0-4D7A-8545-65E85E5F5BF3}.Debug|ARM.Build.0 = Debug|Any CPU
		{A42058FD-B6E0-4D7A-8545-65E85E5F5BF3}.Debug|ARM64.ActiveCfg = Debug|Any CPU
		{A42058FD-B6E0-4D7A-8545-65E85E5F5BF3}.Debug|ARM64.Build.0 = Debug|Any CPU
		{A42058FD-B6E0-4D7A-8545-65E85E5F5BF3}.Debug|Mixed Platforms.ActiveCfg = Debug|Any CPU
		{A42058FD-B6E0-4D7A-8545-65E85E5F5BF3}.Debug|Mixed Platforms.Build.0 = Debug|Any CPU
		{A42058FD-B6E0-4D7A-8545-65E85E5F5BF3}.Debug|x64.ActiveCfg = Debug|Any CPU
		{A42058FD-B6E0-4D7A-8545-65E85E5F5BF3}.Debug|x64.Build.0 = Debug|Any CPU
		{A42058FD-B6E0-4D7A-8545-65E85E5F5BF3}.Debug|x86.ActiveCfg = Debug|Any CPU
		{A42058FD-B6E0-4D7A-8545-65E85E5F5BF3}.Release|Any CPU.ActiveCfg = Release|Any CPU
		{A42058FD-B6E0-4D7A-8545-65E85E5F5BF3}.Release|Any CPU.Build.0 = Release|Any CPU
		{A42058FD-B6E0-4D7A-8545-65E85E5F5BF3}.Release|ARM.ActiveCfg = Release|Any CPU
		{A42058FD-B6E0-4D7A-8545-65E85E5F5BF3}.Release|ARM.Build.0 = Release|Any CPU
		{A42058FD-B6E0-4D7A-8545-65E85E5F5BF3}.Release|ARM64.ActiveCfg = Release|Any CPU
		{A42058FD-B6E0-4D7A-8545-65E85E5F5BF3}.Release|ARM64.Build.0 = Release|Any CPU
		{A42058FD-B6E0-4D7A-8545-65E85E5F5BF3}.Release|Mixed Platforms.ActiveCfg = Release|Any CPU
		{A42058FD-B6E0-4D7A-8545-65E85E5F5BF3}.Release|Mixed Platforms.Build.0 = Release|Any CPU
		{A42058FD-B6E0-4D7A-8545-65E85E5F5BF3}.Release|x64.ActiveCfg = Release|Any CPU
		{A42058FD-B6E0-4D7A-8545-65E85E5F5BF3}.Release|x64.Build.0 = Release|Any CPU
		{A42058FD-B6E0-4D7A-8545-65E85E5F5BF3}.Release|x86.ActiveCfg = Release|Any CPU
		{A42058FD-B6E0-4D7A-8545-65E85E5F5BF3}.ReleaseXBAP|Any CPU.ActiveCfg = Release|Any CPU
		{A42058FD-B6E0-4D7A-8545-65E85E5F5BF3}.ReleaseXBAP|Any CPU.Build.0 = Release|Any CPU
		{A42058FD-B6E0-4D7A-8545-65E85E5F5BF3}.ReleaseXBAP|ARM.ActiveCfg = Release|Any CPU
		{A42058FD-B6E0-4D7A-8545-65E85E5F5BF3}.ReleaseXBAP|ARM.Build.0 = Release|Any CPU
		{A42058FD-B6E0-4D7A-8545-65E85E5F5BF3}.ReleaseXBAP|ARM64.ActiveCfg = Release|Any CPU
		{A42058FD-B6E0-4D7A-8545-65E85E5F5BF3}.ReleaseXBAP|ARM64.Build.0 = Release|Any CPU
		{A42058FD-B6E0-4D7A-8545-65E85E5F5BF3}.ReleaseXBAP|Mixed Platforms.ActiveCfg = Release|Any CPU
		{A42058FD-B6E0-4D7A-8545-65E85E5F5BF3}.ReleaseXBAP|Mixed Platforms.Build.0 = Release|Any CPU
		{A42058FD-B6E0-4D7A-8545-65E85E5F5BF3}.ReleaseXBAP|x64.ActiveCfg = Release|Any CPU
		{A42058FD-B6E0-4D7A-8545-65E85E5F5BF3}.ReleaseXBAP|x64.Build.0 = Release|Any CPU
		{A42058FD-B6E0-4D7A-8545-65E85E5F5BF3}.ReleaseXBAP|x86.ActiveCfg = Release|Any CPU
		{26126F36-9A16-4559-B3DC-0D6512F0DF99}.Debug|Any CPU.ActiveCfg = Debug|Any CPU
		{26126F36-9A16-4559-B3DC-0D6512F0DF99}.Debug|Any CPU.Build.0 = Debug|Any CPU
		{26126F36-9A16-4559-B3DC-0D6512F0DF99}.Debug|ARM.ActiveCfg = Debug|Any CPU
		{26126F36-9A16-4559-B3DC-0D6512F0DF99}.Debug|ARM.Build.0 = Debug|Any CPU
		{26126F36-9A16-4559-B3DC-0D6512F0DF99}.Debug|ARM64.ActiveCfg = Debug|Any CPU
		{26126F36-9A16-4559-B3DC-0D6512F0DF99}.Debug|ARM64.Build.0 = Debug|Any CPU
		{26126F36-9A16-4559-B3DC-0D6512F0DF99}.Debug|Mixed Platforms.ActiveCfg = Debug|Any CPU
		{26126F36-9A16-4559-B3DC-0D6512F0DF99}.Debug|Mixed Platforms.Build.0 = Debug|Any CPU
		{26126F36-9A16-4559-B3DC-0D6512F0DF99}.Debug|x64.ActiveCfg = Debug|Any CPU
		{26126F36-9A16-4559-B3DC-0D6512F0DF99}.Debug|x64.Build.0 = Debug|Any CPU
		{26126F36-9A16-4559-B3DC-0D6512F0DF99}.Debug|x86.ActiveCfg = Debug|Any CPU
		{26126F36-9A16-4559-B3DC-0D6512F0DF99}.Debug|x86.Build.0 = Debug|Any CPU
		{26126F36-9A16-4559-B3DC-0D6512F0DF99}.Release|Any CPU.ActiveCfg = Release|Any CPU
		{26126F36-9A16-4559-B3DC-0D6512F0DF99}.Release|Any CPU.Build.0 = Release|Any CPU
		{26126F36-9A16-4559-B3DC-0D6512F0DF99}.Release|ARM.ActiveCfg = Release|Any CPU
		{26126F36-9A16-4559-B3DC-0D6512F0DF99}.Release|ARM.Build.0 = Release|Any CPU
		{26126F36-9A16-4559-B3DC-0D6512F0DF99}.Release|ARM64.ActiveCfg = Release|Any CPU
		{26126F36-9A16-4559-B3DC-0D6512F0DF99}.Release|ARM64.Build.0 = Release|Any CPU
		{26126F36-9A16-4559-B3DC-0D6512F0DF99}.Release|Mixed Platforms.ActiveCfg = Release|Any CPU
		{26126F36-9A16-4559-B3DC-0D6512F0DF99}.Release|Mixed Platforms.Build.0 = Release|Any CPU
		{26126F36-9A16-4559-B3DC-0D6512F0DF99}.Release|x64.ActiveCfg = Release|Any CPU
		{26126F36-9A16-4559-B3DC-0D6512F0DF99}.Release|x64.Build.0 = Release|Any CPU
		{26126F36-9A16-4559-B3DC-0D6512F0DF99}.Release|x86.ActiveCfg = Release|Any CPU
		{26126F36-9A16-4559-B3DC-0D6512F0DF99}.Release|x86.Build.0 = Release|Any CPU
		{26126F36-9A16-4559-B3DC-0D6512F0DF99}.ReleaseXBAP|Any CPU.ActiveCfg = Release|Any CPU
		{26126F36-9A16-4559-B3DC-0D6512F0DF99}.ReleaseXBAP|Any CPU.Build.0 = Release|Any CPU
		{26126F36-9A16-4559-B3DC-0D6512F0DF99}.ReleaseXBAP|ARM.ActiveCfg = Release|Any CPU
		{26126F36-9A16-4559-B3DC-0D6512F0DF99}.ReleaseXBAP|ARM.Build.0 = Release|Any CPU
		{26126F36-9A16-4559-B3DC-0D6512F0DF99}.ReleaseXBAP|ARM64.ActiveCfg = Release|Any CPU
		{26126F36-9A16-4559-B3DC-0D6512F0DF99}.ReleaseXBAP|ARM64.Build.0 = Release|Any CPU
		{26126F36-9A16-4559-B3DC-0D6512F0DF99}.ReleaseXBAP|Mixed Platforms.ActiveCfg = Release|Any CPU
		{26126F36-9A16-4559-B3DC-0D6512F0DF99}.ReleaseXBAP|Mixed Platforms.Build.0 = Release|Any CPU
		{26126F36-9A16-4559-B3DC-0D6512F0DF99}.ReleaseXBAP|x64.ActiveCfg = Release|Any CPU
		{26126F36-9A16-4559-B3DC-0D6512F0DF99}.ReleaseXBAP|x64.Build.0 = Release|Any CPU
		{26126F36-9A16-4559-B3DC-0D6512F0DF99}.ReleaseXBAP|x86.ActiveCfg = Release|Any CPU
		{26126F36-9A16-4559-B3DC-0D6512F0DF99}.ReleaseXBAP|x86.Build.0 = Release|Any CPU
		{EDE2FCED-8BB8-4E31-99F2-DDCD962C88E4}.Debug|Any CPU.ActiveCfg = Debug|Any CPU
		{EDE2FCED-8BB8-4E31-99F2-DDCD962C88E4}.Debug|Any CPU.Build.0 = Debug|Any CPU
		{EDE2FCED-8BB8-4E31-99F2-DDCD962C88E4}.Debug|ARM.ActiveCfg = Debug|Any CPU
		{EDE2FCED-8BB8-4E31-99F2-DDCD962C88E4}.Debug|ARM.Build.0 = Debug|Any CPU
		{EDE2FCED-8BB8-4E31-99F2-DDCD962C88E4}.Debug|ARM64.ActiveCfg = Debug|Any CPU
		{EDE2FCED-8BB8-4E31-99F2-DDCD962C88E4}.Debug|ARM64.Build.0 = Debug|Any CPU
		{EDE2FCED-8BB8-4E31-99F2-DDCD962C88E4}.Debug|Mixed Platforms.ActiveCfg = Debug|Any CPU
		{EDE2FCED-8BB8-4E31-99F2-DDCD962C88E4}.Debug|Mixed Platforms.Build.0 = Debug|Any CPU
		{EDE2FCED-8BB8-4E31-99F2-DDCD962C88E4}.Debug|x64.ActiveCfg = Debug|Any CPU
		{EDE2FCED-8BB8-4E31-99F2-DDCD962C88E4}.Debug|x64.Build.0 = Debug|Any CPU
		{EDE2FCED-8BB8-4E31-99F2-DDCD962C88E4}.Debug|x86.ActiveCfg = Debug|Any CPU
		{EDE2FCED-8BB8-4E31-99F2-DDCD962C88E4}.Debug|x86.Build.0 = Debug|Any CPU
		{EDE2FCED-8BB8-4E31-99F2-DDCD962C88E4}.Release|Any CPU.ActiveCfg = Release|Any CPU
		{EDE2FCED-8BB8-4E31-99F2-DDCD962C88E4}.Release|Any CPU.Build.0 = Release|Any CPU
		{EDE2FCED-8BB8-4E31-99F2-DDCD962C88E4}.Release|ARM.ActiveCfg = Release|Any CPU
		{EDE2FCED-8BB8-4E31-99F2-DDCD962C88E4}.Release|ARM.Build.0 = Release|Any CPU
		{EDE2FCED-8BB8-4E31-99F2-DDCD962C88E4}.Release|ARM64.ActiveCfg = Release|Any CPU
		{EDE2FCED-8BB8-4E31-99F2-DDCD962C88E4}.Release|ARM64.Build.0 = Release|Any CPU
		{EDE2FCED-8BB8-4E31-99F2-DDCD962C88E4}.Release|Mixed Platforms.ActiveCfg = Release|Any CPU
		{EDE2FCED-8BB8-4E31-99F2-DDCD962C88E4}.Release|Mixed Platforms.Build.0 = Release|Any CPU
		{EDE2FCED-8BB8-4E31-99F2-DDCD962C88E4}.Release|x64.ActiveCfg = Release|Any CPU
		{EDE2FCED-8BB8-4E31-99F2-DDCD962C88E4}.Release|x64.Build.0 = Release|Any CPU
		{EDE2FCED-8BB8-4E31-99F2-DDCD962C88E4}.Release|x86.ActiveCfg = Release|Any CPU
		{EDE2FCED-8BB8-4E31-99F2-DDCD962C88E4}.Release|x86.Build.0 = Release|Any CPU
		{EDE2FCED-8BB8-4E31-99F2-DDCD962C88E4}.ReleaseXBAP|Any CPU.ActiveCfg = Release|Any CPU
		{EDE2FCED-8BB8-4E31-99F2-DDCD962C88E4}.ReleaseXBAP|Any CPU.Build.0 = Release|Any CPU
		{EDE2FCED-8BB8-4E31-99F2-DDCD962C88E4}.ReleaseXBAP|ARM.ActiveCfg = Release|Any CPU
		{EDE2FCED-8BB8-4E31-99F2-DDCD962C88E4}.ReleaseXBAP|ARM.Build.0 = Release|Any CPU
		{EDE2FCED-8BB8-4E31-99F2-DDCD962C88E4}.ReleaseXBAP|ARM64.ActiveCfg = Release|Any CPU
		{EDE2FCED-8BB8-4E31-99F2-DDCD962C88E4}.ReleaseXBAP|ARM64.Build.0 = Release|Any CPU
		{EDE2FCED-8BB8-4E31-99F2-DDCD962C88E4}.ReleaseXBAP|Mixed Platforms.ActiveCfg = Release|Any CPU
		{EDE2FCED-8BB8-4E31-99F2-DDCD962C88E4}.ReleaseXBAP|Mixed Platforms.Build.0 = Release|Any CPU
		{EDE2FCED-8BB8-4E31-99F2-DDCD962C88E4}.ReleaseXBAP|x64.ActiveCfg = Release|Any CPU
		{EDE2FCED-8BB8-4E31-99F2-DDCD962C88E4}.ReleaseXBAP|x64.Build.0 = Release|Any CPU
		{EDE2FCED-8BB8-4E31-99F2-DDCD962C88E4}.ReleaseXBAP|x86.ActiveCfg = Release|Any CPU
		{EDE2FCED-8BB8-4E31-99F2-DDCD962C88E4}.ReleaseXBAP|x86.Build.0 = Release|Any CPU
		{0623C71F-5E27-4EE8-8E0D-C86988D35E38}.Debug|Any CPU.ActiveCfg = Debug|Any CPU
		{0623C71F-5E27-4EE8-8E0D-C86988D35E38}.Debug|Any CPU.Build.0 = Debug|Any CPU
		{0623C71F-5E27-4EE8-8E0D-C86988D35E38}.Debug|Any CPU.Deploy.0 = Debug|Any CPU
		{0623C71F-5E27-4EE8-8E0D-C86988D35E38}.Debug|ARM.ActiveCfg = Debug|ARM
		{0623C71F-5E27-4EE8-8E0D-C86988D35E38}.Debug|ARM.Build.0 = Debug|ARM
		{0623C71F-5E27-4EE8-8E0D-C86988D35E38}.Debug|ARM.Deploy.0 = Debug|ARM
		{0623C71F-5E27-4EE8-8E0D-C86988D35E38}.Debug|ARM64.ActiveCfg = Debug|ARM64
		{0623C71F-5E27-4EE8-8E0D-C86988D35E38}.Debug|ARM64.Build.0 = Debug|ARM64
		{0623C71F-5E27-4EE8-8E0D-C86988D35E38}.Debug|ARM64.Deploy.0 = Debug|ARM64
		{0623C71F-5E27-4EE8-8E0D-C86988D35E38}.Debug|Mixed Platforms.ActiveCfg = Debug|x86
		{0623C71F-5E27-4EE8-8E0D-C86988D35E38}.Debug|Mixed Platforms.Build.0 = Debug|x86
		{0623C71F-5E27-4EE8-8E0D-C86988D35E38}.Debug|Mixed Platforms.Deploy.0 = Debug|x86
		{0623C71F-5E27-4EE8-8E0D-C86988D35E38}.Debug|x64.ActiveCfg = Debug|x64
		{0623C71F-5E27-4EE8-8E0D-C86988D35E38}.Debug|x64.Build.0 = Debug|x64
		{0623C71F-5E27-4EE8-8E0D-C86988D35E38}.Debug|x64.Deploy.0 = Debug|x64
		{0623C71F-5E27-4EE8-8E0D-C86988D35E38}.Debug|x86.ActiveCfg = Debug|x86
		{0623C71F-5E27-4EE8-8E0D-C86988D35E38}.Debug|x86.Build.0 = Debug|x86
		{0623C71F-5E27-4EE8-8E0D-C86988D35E38}.Debug|x86.Deploy.0 = Debug|x86
		{0623C71F-5E27-4EE8-8E0D-C86988D35E38}.Release|Any CPU.ActiveCfg = Release|Any CPU
		{0623C71F-5E27-4EE8-8E0D-C86988D35E38}.Release|Any CPU.Build.0 = Release|Any CPU
		{0623C71F-5E27-4EE8-8E0D-C86988D35E38}.Release|Any CPU.Deploy.0 = Release|Any CPU
		{0623C71F-5E27-4EE8-8E0D-C86988D35E38}.Release|ARM.ActiveCfg = Release|ARM
		{0623C71F-5E27-4EE8-8E0D-C86988D35E38}.Release|ARM.Build.0 = Release|ARM
		{0623C71F-5E27-4EE8-8E0D-C86988D35E38}.Release|ARM.Deploy.0 = Release|ARM
		{0623C71F-5E27-4EE8-8E0D-C86988D35E38}.Release|ARM64.ActiveCfg = Release|ARM64
		{0623C71F-5E27-4EE8-8E0D-C86988D35E38}.Release|ARM64.Build.0 = Release|ARM64
		{0623C71F-5E27-4EE8-8E0D-C86988D35E38}.Release|ARM64.Deploy.0 = Release|ARM64
		{0623C71F-5E27-4EE8-8E0D-C86988D35E38}.Release|Mixed Platforms.ActiveCfg = Release|x86
		{0623C71F-5E27-4EE8-8E0D-C86988D35E38}.Release|Mixed Platforms.Build.0 = Release|x86
		{0623C71F-5E27-4EE8-8E0D-C86988D35E38}.Release|Mixed Platforms.Deploy.0 = Release|x86
		{0623C71F-5E27-4EE8-8E0D-C86988D35E38}.Release|x64.ActiveCfg = Release|x64
		{0623C71F-5E27-4EE8-8E0D-C86988D35E38}.Release|x64.Build.0 = Release|x64
		{0623C71F-5E27-4EE8-8E0D-C86988D35E38}.Release|x64.Deploy.0 = Release|x64
		{0623C71F-5E27-4EE8-8E0D-C86988D35E38}.Release|x86.ActiveCfg = Release|x86
		{0623C71F-5E27-4EE8-8E0D-C86988D35E38}.Release|x86.Build.0 = Release|x86
		{0623C71F-5E27-4EE8-8E0D-C86988D35E38}.Release|x86.Deploy.0 = Release|x86
		{0623C71F-5E27-4EE8-8E0D-C86988D35E38}.ReleaseXBAP|Any CPU.ActiveCfg = Release|Any CPU
		{0623C71F-5E27-4EE8-8E0D-C86988D35E38}.ReleaseXBAP|Any CPU.Build.0 = Release|Any CPU
		{0623C71F-5E27-4EE8-8E0D-C86988D35E38}.ReleaseXBAP|Any CPU.Deploy.0 = Release|Any CPU
		{0623C71F-5E27-4EE8-8E0D-C86988D35E38}.ReleaseXBAP|ARM.ActiveCfg = Release|ARM
		{0623C71F-5E27-4EE8-8E0D-C86988D35E38}.ReleaseXBAP|ARM.Build.0 = Release|ARM
		{0623C71F-5E27-4EE8-8E0D-C86988D35E38}.ReleaseXBAP|ARM.Deploy.0 = Release|ARM
		{0623C71F-5E27-4EE8-8E0D-C86988D35E38}.ReleaseXBAP|ARM64.ActiveCfg = Release|ARM64
		{0623C71F-5E27-4EE8-8E0D-C86988D35E38}.ReleaseXBAP|ARM64.Build.0 = Release|ARM64
		{0623C71F-5E27-4EE8-8E0D-C86988D35E38}.ReleaseXBAP|ARM64.Deploy.0 = Release|ARM64
		{0623C71F-5E27-4EE8-8E0D-C86988D35E38}.ReleaseXBAP|Mixed Platforms.ActiveCfg = Release|x86
		{0623C71F-5E27-4EE8-8E0D-C86988D35E38}.ReleaseXBAP|Mixed Platforms.Build.0 = Release|x86
		{0623C71F-5E27-4EE8-8E0D-C86988D35E38}.ReleaseXBAP|Mixed Platforms.Deploy.0 = Release|x86
		{0623C71F-5E27-4EE8-8E0D-C86988D35E38}.ReleaseXBAP|x64.ActiveCfg = Release|x64
		{0623C71F-5E27-4EE8-8E0D-C86988D35E38}.ReleaseXBAP|x64.Build.0 = Release|x64
		{0623C71F-5E27-4EE8-8E0D-C86988D35E38}.ReleaseXBAP|x64.Deploy.0 = Release|x64
		{0623C71F-5E27-4EE8-8E0D-C86988D35E38}.ReleaseXBAP|x86.ActiveCfg = Release|x86
		{0623C71F-5E27-4EE8-8E0D-C86988D35E38}.ReleaseXBAP|x86.Build.0 = Release|x86
		{0623C71F-5E27-4EE8-8E0D-C86988D35E38}.ReleaseXBAP|x86.Deploy.0 = Release|x86
	EndGlobalSection
	GlobalSection(SolutionProperties) = preSolution
		HideSolutionNode = FALSE
	EndGlobalSection
	GlobalSection(NestedProjects) = preSolution
		{0301133F-14B3-4753-BB15-49E701E15391} = {CF2A6BC3-25A6-4B73-A195-87AA8C4C4CBB}
		{C258F6AC-1ACB-4B0E-B2F9-1A616EC3568B} = {CF2A6BC3-25A6-4B73-A195-87AA8C4C4CBB}
		{74265DE7-A026-4682-B2D6-23CD1246593B} = {CF2A6BC3-25A6-4B73-A195-87AA8C4C4CBB}
		{EE5F0399-11AA-4D66-B953-A3DD9854D4F6} = {3C19F100-9E82-402E-90BE-3A9879F0AA6B}
		{215A65DB-3A0E-440B-92DC-D56A05335CFB} = {3C19F100-9E82-402E-90BE-3A9879F0AA6B}
		{B83C31AA-8B5A-4DF8-9E1A-4CB059F8FABC} = {F8A0E2AE-233B-4548-9A9A-D5D6228B1C02}
		{21744E54-D757-498B-913E-A4A5DE124279} = {3C19F100-9E82-402E-90BE-3A9879F0AA6B}
		{A42058FD-B6E0-4D7A-8545-65E85E5F5BF3} = {3C19F100-9E82-402E-90BE-3A9879F0AA6B}
		{26126F36-9A16-4559-B3DC-0D6512F0DF99} = {28740583-6AF8-43C6-B89E-C2952955D6F0}
	EndGlobalSection
	GlobalSection(ExtensibilityGlobals) = postSolution
		SolutionGuid = {5D391DEC-2789-4249-B635-72BF7B7EC3FC}
	EndGlobalSection
EndGlobal
